
Microsoft Visual Studio Solution File, Format Version 11.00
# Visual Studio 2010
Project("{FAE04EC0-301F-11D3-BF4B-00C04F79EFBC}") = "UnityEngine.TestRunner", "UnityEngine.TestRunner.csproj", "{eb6d885b-ff71-5c09-a836-af57fcd02e68}"
EndProject
Project("{FAE04EC0-301F-11D3-BF4B-00C04F79EFBC}") = "UnityEngine.UI", "UnityEngine.UI.csproj", "{7544e0d9-f1b0-d724-4050-5f1ea460a530}"
EndProject
Project("{FAE04EC0-301F-11D3-BF4B-00C04F79EFBC}") = "Unity.TextMeshPro", "Unity.TextMeshPro.csproj", "{cf50a25a-2fdb-1a2c-cdb1-699c4ed6b69c}"
EndProject
Project("{FAE04EC0-301F-11D3-BF4B-00C04F79EFBC}") = "Unity.Timeline", "Unity.Timeline.csproj", "{9c5bc8e5-7d00-b45e-73db-547d9fc903c3}"
EndProject
Project("{FAE04EC0-301F-11D3-BF4B-00C04F79EFBC}") = "Cinemachine", "Cinemachine.csproj", "{ec86a280-8eb7-9985-cdf4-38d51f97c2d0}"
EndProject
Project("{FAE04EC0-301F-11D3-BF4B-00C04F79EFBC}") = "Assembly-CSharp", "Assembly-CSharp.csproj", "{bbd98823-1121-c81b-178a-6e5634e68f01}"
EndProject
Project("{FAE04EC0-301F-11D3-BF4B-00C04F79EFBC}") = "Unity.TextMeshPro.Editor", "Unity.TextMeshPro.Editor.csproj", "{85e74713-2015-c9e2-2c3f-583eb5d41dab}"
EndProject
Project("{FAE04EC0-301F-11D3-BF4B-00C04F79EFBC}") = "Unity.Timeline.Editor", "Unity.Timeline.Editor.csproj", "{ab769fce-c33f-f4a6-2ccf-acd69ea5e28e}"
EndProject
Project("{FAE04EC0-301F-11D3-BF4B-00C04F79EFBC}") = "UnityEditor.TestRunner", "UnityEditor.TestRunner.csproj", "{d6ffbd8b-5cf4-9189-05f2-3aa207e5d58f}"
EndProject
Project("{FAE04EC0-301F-11D3-BF4B-00C04F79EFBC}") = "Unity.2D.Sprite.Editor", "Unity.2D.Sprite.Editor.csproj", "{79be4240-3649-0862-f31a-25532359110d}"
EndProject
Project("{FAE04EC0-301F-11D3-BF4B-00C04F79EFBC}") = "com.unity.cinemachine.editor", "com.unity.cinemachine.editor.csproj", "{f7aa1623-5cf4-a27f-60ac-fb8699df741f}"
EndProject
Project("{FAE04EC0-301F-11D3-BF4B-00C04F79EFBC}") = "UnityEditor.UI", "UnityEditor.UI.csproj", "{41fe5c5b-761f-910a-4b61-74adcf0bee2a}"
EndProject
Project("{FAE04EC0-301F-11D3-BF4B-00C04F79EFBC}") = "Unity.2D.Tilemap.Editor", "Unity.2D.Tilemap.Editor.csproj", "{b79bb173-17bb-d119-d9c3-d2a32abed458}"
EndProject
Project("{FAE04EC0-301F-11D3-BF4B-00C04F79EFBC}") = "Unity.CollabProxy.Editor", "Unity.CollabProxy.Editor.csproj", "{46e53060-a0b2-caba-0e6e-8fcab40e9c21}"
EndProject
Project("{FAE04EC0-301F-11D3-BF4B-00C04F79EFBC}") = "Unity.VSCode.Editor", "Unity.VSCode.Editor.csproj", "{45e04072-016e-e799-6e32-1b600ba1da47}"
EndProject
Project("{FAE04EC0-301F-11D3-BF4B-00C04F79EFBC}") = "Assembly-CSharp-Editor", "Assembly-CSharp-Editor.csproj", "{1b360029-c847-9427-7210-db89900e1a7f}"
EndProject
Global
	GlobalSection(SolutionConfigurationPlatforms) = preSolution
		Debug|Any CPU = Debug|Any CPU
	EndGlobalSection
	GlobalSection(ProjectConfigurationPlatforms) = postSolution
		{eb6d885b-ff71-5c09-a836-af57fcd02e68}.Debug|Any CPU.ActiveCfg = Debug|Any CPU
		{eb6d885b-ff71-5c09-a836-af57fcd02e68}.Debug|Any CPU.Build.0 = Debug|Any CPU
		{7544e0d9-f1b0-d724-4050-5f1ea460a530}.Debug|Any CPU.ActiveCfg = Debug|Any CPU
		{7544e0d9-f1b0-d724-4050-5f1ea460a530}.Debug|Any CPU.Build.0 = Debug|Any CPU
		{cf50a25a-2fdb-1a2c-cdb1-699c4ed6b69c}.Debug|Any CPU.ActiveCfg = Debug|Any CPU
		{cf50a25a-2fdb-1a2c-cdb1-699c4ed6b69c}.Debug|Any CPU.Build.0 = Debug|Any CPU
		{9c5bc8e5-7d00-b45e-73db-547d9fc903c3}.Debug|Any CPU.ActiveCfg = Debug|Any CPU
		{9c5bc8e5-7d00-b45e-73db-547d9fc903c3}.Debug|Any CPU.Build.0 = Debug|Any CPU
		{ec86a280-8eb7-9985-cdf4-38d51f97c2d0}.Debug|Any CPU.ActiveCfg = Debug|Any CPU
		{ec86a280-8eb7-9985-cdf4-38d51f97c2d0}.Debug|Any CPU.Build.0 = Debug|Any CPU
		{bbd98823-1121-c81b-178a-6e5634e68f01}.Debug|Any CPU.ActiveCfg = Debug|Any CPU
		{bbd98823-1121-c81b-178a-6e5634e68f01}.Debug|Any CPU.Build.0 = Debug|Any CPU
		{85e74713-2015-c9e2-2c3f-583eb5d41dab}.Debug|Any CPU.ActiveCfg = Debug|Any CPU
		{85e74713-2015-c9e2-2c3f-583eb5d41dab}.Debug|Any CPU.Build.0 = Debug|Any CPU
		{ab769fce-c33f-f4a6-2ccf-acd69ea5e28e}.Debug|Any CPU.ActiveCfg = Debug|Any CPU
		{ab769fce-c33f-f4a6-2ccf-acd69ea5e28e}.Debug|Any CPU.Build.0 = Debug|Any CPU
		{d6ffbd8b-5cf4-9189-05f2-3aa207e5d58f}.Debug|Any CPU.ActiveCfg = Debug|Any CPU
		{d6ffbd8b-5cf4-9189-05f2-3aa207e5d58f}.Debug|Any CPU.Build.0 = Debug|Any CPU
		{79be4240-3649-0862-f31a-25532359110d}.Debug|Any CPU.ActiveCfg = Debug|Any CPU
		{79be4240-3649-0862-f31a-25532359110d}.Debug|Any CPU.Build.0 = Debug|Any CPU
		{f7aa1623-5cf4-a27f-60ac-fb8699df741f}.Debug|Any CPU.ActiveCfg = Debug|Any CPU
		{f7aa1623-5cf4-a27f-60ac-fb8699df741f}.Debug|Any CPU.Build.0 = Debug|Any CPU
		{41fe5c5b-761f-910a-4b61-74adcf0bee2a}.Debug|Any CPU.ActiveCfg = Debug|Any CPU
		{41fe5c5b-761f-910a-4b61-74adcf0bee2a}.Debug|Any CPU.Build.0 = Debug|Any CPU
		{b79bb173-17bb-d119-d9c3-d2a32abed458}.Debug|Any CPU.ActiveCfg = Debug|Any CPU
		{b79bb173-17bb-d119-d9c3-d2a32abed458}.Debug|Any CPU.Build.0 = Debug|Any CPU
		{46e53060-a0b2-caba-0e6e-8fcab40e9c21}.Debug|Any CPU.ActiveCfg = Debug|Any CPU
		{46e53060-a0b2-caba-0e6e-8fcab40e9c21}.Debug|Any CPU.Build.0 = Debug|Any CPU
		{45e04072-016e-e799-6e32-1b600ba1da47}.Debug|Any CPU.ActiveCfg = Debug|Any CPU
		{45e04072-016e-e799-6e32-1b600ba1da47}.Debug|Any CPU.Build.0 = Debug|Any CPU
		{1b360029-c847-9427-7210-db89900e1a7f}.Debug|Any CPU.ActiveCfg = Debug|Any CPU
		{1b360029-c847-9427-7210-db89900e1a7f}.Debug|Any CPU.Build.0 = Debug|Any CPU
	EndGlobalSection
	GlobalSection(SolutionProperties) = preSolution
		HideSolutionNode = FALSE
	EndGlobalSection
EndGlobal
